
Microsoft Visual Studio Solution File, Format Version 12.00
# Visual Studio Version 17
VisualStudioVersion = 17.7.34221.43
MinimumVisualStudioVersion = 10.0.40219.1
Project("{FAE04EC0-301F-11D3-BF4B-00C04F79EFBC}") = "RayWebApi", "RayWebApi\RayWebApi.csproj", "{D2541988-AC76-4FF0-9432-1F9ED24E6543}"
EndProject
Global
	GlobalSection(SolutionConfigurationPlatforms) = preSolution
		Debug|Any CPU = Debug|Any CPU
		Release|Any CPU = Release|Any CPU
	EndGlobalSection
	GlobalSection(ProjectConfigurationPlatforms) = postSolution
		{D2541988-AC76-4FF0-9432-1F9ED24E6543}.Debug|Any CPU.ActiveCfg = Debug|Any CPU
		{D2541988-AC76-4FF0-9432-1F9ED24E6543}.Debug|Any CPU.Build.0 = Debug|Any CPU
		{D2541988-AC76-4FF0-9432-1F9ED24E6543}.Release|Any CPU.ActiveCfg = Release|Any CPU
		{D2541988-AC76-4FF0-9432-1F9ED24E6543}.Release|Any CPU.Build.0 = Release|Any CPU
	EndGlobalSection
	GlobalSection(SolutionProperties) = preSolution
		HideSolutionNode = FALSE
	EndGlobalSection
	GlobalSection(ExtensibilityGlobals) = postSolution
		SolutionGuid = {4C3CE61C-8C0A-4EA4-B09B-6F729FD1F0F1}
	EndGlobalSection
EndGlobal
